// !$*UTF8*$!
{
	archiveVersion = 1;
	classes = {
	};
	objectVersion = 56;
	objects = {

/* Begin PBXBuildFile section */
		3C00C3772AF11C660092743C /* UserDefaultsInteractor.swift in Sources */ = {isa = PBXBuildFile; fileRef = 3C00C3762AF11C660092743C /* UserDefaultsInteractor.swift */; };
		3C00C3792AF11DFE0092743C /* WhatAreAnonymousReports.swift in Sources */ = {isa = PBXBuildFile; fileRef = 3C00C3782AF11DFE0092743C /* WhatAreAnonymousReports.swift */; };
		3C0ED2312C71ED200030285F /* TextContentBlockView.swift in Sources */ = {isa = PBXBuildFile; fileRef = 3C0ED2302C71ED200030285F /* TextContentBlockView.swift */; };
		3C0ED2342C71EE900030285F /* UnidentifiedContentBlockView.swift in Sources */ = {isa = PBXBuildFile; fileRef = 3C0ED2332C71EE900030285F /* UnidentifiedContentBlockView.swift */; };
		3C0ED2382C71EEC60030285F /* ImagesContentBlockView.swift in Sources */ = {isa = PBXBuildFile; fileRef = 3C0ED2372C71EEC60030285F /* ImagesContentBlockView.swift */; };
		3C0ED23A2C71F1960030285F /* DividerContentBlockView.swift in Sources */ = {isa = PBXBuildFile; fileRef = 3C0ED2392C71F1960030285F /* DividerContentBlockView.swift */; };
		3C0F527D2C6912590081AD83 /* SwiftDataTest.swift in Sources */ = {isa = PBXBuildFile; fileRef = 3C0F527C2C6912590081AD83 /* SwiftDataTest.swift */; };
		3C0F527F2C6BB5080081AD83 /* ImageCacher.swift in Sources */ = {isa = PBXBuildFile; fileRef = 3C0F527E2C6BB5080081AD83 /* ImageCacher.swift */; };
		3C0F52812C6C9B9D0081AD83 /* EditEntryViewModel.swift in Sources */ = {isa = PBXBuildFile; fileRef = 3C0F52802C6C9B9D0081AD83 /* EditEntryViewModel.swift */; };
		3C1452EF2AD6E93A00C8BC80 /* EntriesAnalyticsViewModel.swift in Sources */ = {isa = PBXBuildFile; fileRef = 3C1452EE2AD6E93A00C8BC80 /* EntriesAnalyticsViewModel.swift */; };
		3C1452F32AD713CF00C8BC80 /* AnalyticPropertyView.swift in Sources */ = {isa = PBXBuildFile; fileRef = 3C1452F22AD713CF00C8BC80 /* AnalyticPropertyView.swift */; };
		3C1452F52AD97F4D00C8BC80 /* InitialView.swift in Sources */ = {isa = PBXBuildFile; fileRef = 3C1452F42AD97F4D00C8BC80 /* InitialView.swift */; };
		3C1452FA2AD9A11100C8BC80 /* Documentation.docc in Sources */ = {isa = PBXBuildFile; fileRef = 3C1452F92AD9A11100C8BC80 /* Documentation.docc */; };
		3C1452FC2ADA926100C8BC80 /* KeychainError.swift in Sources */ = {isa = PBXBuildFile; fileRef = 3C1452FB2ADA926100C8BC80 /* KeychainError.swift */; };
		3C1812AD2AF78D8C00E5FA61 /* UnitTests.swift in Sources */ = {isa = PBXBuildFile; fileRef = 3C1812AC2AF78D8C00E5FA61 /* UnitTests.swift */; };
		3C1812B32AF78DA100E5FA61 /* DiaryEntryTest.swift in Sources */ = {isa = PBXBuildFile; fileRef = 3C1812A42AF78B5800E5FA61 /* DiaryEntryTest.swift */; };
		3C1812BB2AF79F3F00E5FA61 /* DiaryUITests.swift in Sources */ = {isa = PBXBuildFile; fileRef = 3C1812BA2AF79F3F00E5FA61 /* DiaryUITests.swift */; };
		3C1812BD2AF79F3F00E5FA61 /* DiaryUITestsLaunchTests.swift in Sources */ = {isa = PBXBuildFile; fileRef = 3C1812BC2AF79F3F00E5FA61 /* DiaryUITestsLaunchTests.swift */; };
		3C1812C42AF7A13200E5FA61 /* EntriesListTest.swift in Sources */ = {isa = PBXBuildFile; fileRef = 3C1812C32AF7A13200E5FA61 /* EntriesListTest.swift */; };
		3C2AFD612AD0413A00C47519 /* EntryAnalyticsView.swift in Sources */ = {isa = PBXBuildFile; fileRef = 3C2AFD602AD0413A00C47519 /* EntryAnalyticsView.swift */; };
		3C2AFD682AD041F900C47519 /* EntryAnalyticsViewModel.swift in Sources */ = {isa = PBXBuildFile; fileRef = 3C2AFD672AD041F900C47519 /* EntryAnalyticsViewModel.swift */; };
		3C2AFD742AD0703400C47519 /* EmotionalityRecognizer.mlpackage in Sources */ = {isa = PBXBuildFile; fileRef = 3C2AFD732AD0703400C47519 /* EmotionalityRecognizer.mlpackage */; };
		3C2CF1A42AC472DD0050DB45 /* SettingsViewModel.swift in Sources */ = {isa = PBXBuildFile; fileRef = 3C2CF1A32AC472DD0050DB45 /* SettingsViewModel.swift */; };
		3C2CF1A62AC489CA0050DB45 /* AuthenticationHelper.swift in Sources */ = {isa = PBXBuildFile; fileRef = 3C2CF1A52AC489CA0050DB45 /* AuthenticationHelper.swift */; };
		3C376B9A2B07A7DB009AAD03 /* EntryAnalyticsViewPrototype.swift in Sources */ = {isa = PBXBuildFile; fileRef = 3C376B992B07A7DB009AAD03 /* EntryAnalyticsViewPrototype.swift */; };
		3C3CCF8F2AF4EDE90056841A /* LogType.swift in Sources */ = {isa = PBXBuildFile; fileRef = 3C3CCF8E2AF4EDE90056841A /* LogType.swift */; };
		3C3CCF942AF6549D0056841A /* ReportErrorView.swift in Sources */ = {isa = PBXBuildFile; fileRef = 3C3CCF932AF6549D0056841A /* ReportErrorView.swift */; };
		3C43CD282C6E05EB002BBA20 /* LazyImage.swift in Sources */ = {isa = PBXBuildFile; fileRef = 3C43CD272C6E05EB002BBA20 /* LazyImage.swift */; };
		3C43CD2B2C70E3C3002BBA20 /* ContentBlocksCache.swift in Sources */ = {isa = PBXBuildFile; fileRef = 3C43CD2A2C70E3C3002BBA20 /* ContentBlocksCache.swift */; };
		3C50434B2C5FF56E00B75F84 /* ContentBlockAdderHub.swift in Sources */ = {isa = PBXBuildFile; fileRef = 3C50434A2C5FF56E00B75F84 /* ContentBlockAdderHub.swift */; };
		3C5E45022B0D0B970021F6B0 /* EntryAnalyticsPieChart.swift in Sources */ = {isa = PBXBuildFile; fileRef = 3C5E45012B0D0B970021F6B0 /* EntryAnalyticsPieChart.swift */; };
		3C5E45042B0D10AD0021F6B0 /* EntryAnalyticsMoodDistributionChart.swift in Sources */ = {isa = PBXBuildFile; fileRef = 3C5E45032B0D10AD0021F6B0 /* EntryAnalyticsMoodDistributionChart.swift */; };
		3C5E45092B0DF7BA0021F6B0 /* MoodGauge.swift in Sources */ = {isa = PBXBuildFile; fileRef = 3C5E45082B0DF7BA0021F6B0 /* MoodGauge.swift */; };
		3C5E450B2B0DF9740021F6B0 /* MoodIndicatorsPreview.swift in Sources */ = {isa = PBXBuildFile; fileRef = 3C5E450A2B0DF9740021F6B0 /* MoodIndicatorsPreview.swift */; };
		3C5E450E2B0DFA0A0021F6B0 /* Needle.swift in Sources */ = {isa = PBXBuildFile; fileRef = 3C5E450D2B0DFA0A0021F6B0 /* Needle.swift */; };
		3C5E45102B0DFAB20021F6B0 /* SentenceMood.swift in Sources */ = {isa = PBXBuildFile; fileRef = 3C5E450F2B0DFAB20021F6B0 /* SentenceMood.swift */; };
		3C6F9D502AFA7C4A00C02C10 /* EntriesAnalyzer.swift in Sources */ = {isa = PBXBuildFile; fileRef = 3C6F9D4F2AFA7C4A00C02C10 /* EntriesAnalyzer.swift */; };
		3C6F9D522AFA944F00C02C10 /* PrivacyAndSecuritySection.swift in Sources */ = {isa = PBXBuildFile; fileRef = 3C6F9D512AFA944F00C02C10 /* PrivacyAndSecuritySection.swift */; };
		3C6F9D542AFBB26300C02C10 /* MoodSpeedometer.swift in Sources */ = {isa = PBXBuildFile; fileRef = 3C6F9D532AFBB26300C02C10 /* MoodSpeedometer.swift */; };
		3C7A5CB12ADBF73800B0B8A4 /* .gitignore in Resources */ = {isa = PBXBuildFile; fileRef = 3C7A5CB02ADBF73800B0B8A4 /* .gitignore */; };
		3C7A5CB52AE0472500B0B8A4 /* CurrentTab.swift in Sources */ = {isa = PBXBuildFile; fileRef = 3C7A5CB42AE0472500B0B8A4 /* CurrentTab.swift */; };
		3C7A5CB72AE2CCE900B0B8A4 /* DestructiveButton.swift in Sources */ = {isa = PBXBuildFile; fileRef = 3C7A5CB62AE2CCE900B0B8A4 /* DestructiveButton.swift */; };
		3C7A5CB92AE3A73300B0B8A4 /* LockSymbol.swift in Sources */ = {isa = PBXBuildFile; fileRef = 3C7A5CB82AE3A73300B0B8A4 /* LockSymbol.swift */; };
		3C846CF92AB9F85C0086A487 /* DeviceSpecifications.swift in Sources */ = {isa = PBXBuildFile; fileRef = 3C846CF82AB9F85C0086A487 /* DeviceSpecifications.swift */; };
		3C8B0B0E2C788EBC008A0E3F /* SquareFrame.swift in Sources */ = {isa = PBXBuildFile; fileRef = 3C8B0B0D2C788EBC008A0E3F /* SquareFrame.swift */; };
		3C8B563C2AEBF1C0000F70C2 /* EditEntryView.swift in Sources */ = {isa = PBXBuildFile; fileRef = 3C8B563B2AEBF1C0000F70C2 /* EditEntryView.swift */; };
		3C93A0C42C5E6391007007C0 /* DebugDummyValues.swift in Sources */ = {isa = PBXBuildFile; fileRef = 3C93A0C32C5E6391007007C0 /* DebugDummyValues.swift */; };
		3C93A0CB2C5E6C6E007007C0 /* EntriesAnalyticsView.swift in Sources */ = {isa = PBXBuildFile; fileRef = 3C93A0CA2C5E6C6E007007C0 /* EntriesAnalyticsView.swift */; };
		3C93A0CD2C5E6CCA007007C0 /* MoodOverTimeGraph.swift in Sources */ = {isa = PBXBuildFile; fileRef = 3C93A0CC2C5E6CCA007007C0 /* MoodOverTimeGraph.swift */; };
		3C93A0DF2C5E6DC4007007C0 /* TextSize.swift in Sources */ = {isa = PBXBuildFile; fileRef = 3C93A0D02C5E6DC4007007C0 /* TextSize.swift */; };
		3C93A0E02C5E6DC4007007C0 /* DividerType.swift in Sources */ = {isa = PBXBuildFile; fileRef = 3C93A0D12C5E6DC4007007C0 /* DividerType.swift */; };
		3C93A0E12C5E6DC4007007C0 /* ContentBlockType.swift in Sources */ = {isa = PBXBuildFile; fileRef = 3C93A0D22C5E6DC4007007C0 /* ContentBlockType.swift */; };
		3C93A0E22C5E6DC4007007C0 /* DiaryEntry.swift in Sources */ = {isa = PBXBuildFile; fileRef = 3C93A0D32C5E6DC4007007C0 /* DiaryEntry.swift */; };
		3C93A0E32C5E6DC4007007C0 /* Settings.swift in Sources */ = {isa = PBXBuildFile; fileRef = 3C93A0D42C5E6DC4007007C0 /* Settings.swift */; };
		3C93A0E42C5E6DC4007007C0 /* ImagesContentBlock.swift in Sources */ = {isa = PBXBuildFile; fileRef = 3C93A0D62C5E6DC4007007C0 /* ImagesContentBlock.swift */; };
		3C93A0E62C5E6DC4007007C0 /* TextContentBlock.swift in Sources */ = {isa = PBXBuildFile; fileRef = 3C93A0D92C5E6DC4007007C0 /* TextContentBlock.swift */; };
		3C93A0E82C5E6DC4007007C0 /* DividerContentBlock.swift in Sources */ = {isa = PBXBuildFile; fileRef = 3C93A0DB2C5E6DC4007007C0 /* DividerContentBlock.swift */; };
		3C93A0E92C5E6DC4007007C0 /* Entry.swift in Sources */ = {isa = PBXBuildFile; fileRef = 3C93A0DD2C5E6DC4007007C0 /* Entry.swift */; };
		3C93A0EA2C5E6DC4007007C0 /* ContentBlock.swift in Sources */ = {isa = PBXBuildFile; fileRef = 3C93A0DE2C5E6DC4007007C0 /* ContentBlock.swift */; };
		3C9792622AAB401B00612572 /* NavigationManager.swift in Sources */ = {isa = PBXBuildFile; fileRef = 3C9792612AAB401B00612572 /* NavigationManager.swift */; };
		3C9F668F2AEEE2CB007768B7 /* DiaryEntriesSortingTechnique.swift in Sources */ = {isa = PBXBuildFile; fileRef = 3C9F668E2AEEE2CB007768B7 /* DiaryEntriesSortingTechnique.swift */; };
		3C9F66942AEFD822007768B7 /* LogReporter.swift in Sources */ = {isa = PBXBuildFile; fileRef = 3C9F66932AEFD822007768B7 /* LogReporter.swift */; };
		3C9F66962AEFE19A007768B7 /* AppLogger.swift in Sources */ = {isa = PBXBuildFile; fileRef = 3C9F66952AEFE19A007768B7 /* AppLogger.swift */; };
		3CA8AAEB2AD4314A00352AAE /* EntriesSentimentClassifier.mlpackage in Sources */ = {isa = PBXBuildFile; fileRef = 3CA8AAEA2AD4314A00352AAE /* EntriesSentimentClassifier.mlpackage */; };
		3CAC38A42AFF7E9A005F9AC1 /* SortingMenu.swift in Sources */ = {isa = PBXBuildFile; fileRef = 3CAC38A32AFF7E9A005F9AC1 /* SortingMenu.swift */; };
		3CB77C1B2AADAC37004CE4D8 /* Localizable.xcstrings in Resources */ = {isa = PBXBuildFile; fileRef = 3CB77C1A2AADAC37004CE4D8 /* Localizable.xcstrings */; };
		3CB77C1D2AADBF3D004CE4D8 /* EditExistingDiaryEntryView.swift in Sources */ = {isa = PBXBuildFile; fileRef = 3CB77C1C2AADBF3D004CE4D8 /* EditExistingDiaryEntryView.swift */; };
		3CB77C202AADD860004CE4D8 /* AuthenticationView.swift in Sources */ = {isa = PBXBuildFile; fileRef = 3CB77C1F2AADD860004CE4D8 /* AuthenticationView.swift */; };
		3CB77C252AAE3591004CE4D8 /* SettingsView.swift in Sources */ = {isa = PBXBuildFile; fileRef = 3CB77C242AAE3591004CE4D8 /* SettingsView.swift */; };
		3CB77C2F2AAEF57C004CE4D8 /* SecondaryButtonStyle.swift in Sources */ = {isa = PBXBuildFile; fileRef = 3CB77C2E2AAEF57C004CE4D8 /* SecondaryButtonStyle.swift */; };
		3CB77C352AAF6E9A004CE4D8 /* DeleteUserProfileAfterBeingInactiveFor.swift in Sources */ = {isa = PBXBuildFile; fileRef = 3CB77C342AAF6E9A004CE4D8 /* DeleteUserProfileAfterBeingInactiveFor.swift */; };
		3CBB1CF02AF91FC000BC1396 /* ShareDiaryEntryButton.swift in Sources */ = {isa = PBXBuildFile; fileRef = 3CBB1CEF2AF91FC000BC1396 /* ShareDiaryEntryButton.swift */; };
		3CCB1FDD2AE94AAA00184020 /* PrimaryButtonStyle.swift in Sources */ = {isa = PBXBuildFile; fileRef = 3CCB1FDC2AE94AAA00184020 /* PrimaryButtonStyle.swift */; };
		3CCB1FE02AE956EC00184020 /* NewEntryPopover.swift in Sources */ = {isa = PBXBuildFile; fileRef = 3CCB1FDF2AE956EC00184020 /* NewEntryPopover.swift */; };
		3CCB2FF92AB1E21D00FD8F25 /* CurrentView.swift in Sources */ = {isa = PBXBuildFile; fileRef = 3CCB2FF82AB1E21D00FD8F25 /* CurrentView.swift */; };
		3CDDF42C2AAB8CF4006E1C99 /* HomeView.swift in Sources */ = {isa = PBXBuildFile; fileRef = 3CDDF42B2AAB8CF4006E1C99 /* HomeView.swift */; };
		3CE097602AAB16D200BE933B /* DiaryApp.swift in Sources */ = {isa = PBXBuildFile; fileRef = 3CE0975F2AAB16D200BE933B /* DiaryApp.swift */; };
		3CE097662AAB16D400BE933B /* Assets.xcassets in Resources */ = {isa = PBXBuildFile; fileRef = 3CE097652AAB16D400BE933B /* Assets.xcassets */; };
		3CE0976A2AAB16D400BE933B /* Preview Assets.xcassets in Resources */ = {isa = PBXBuildFile; fileRef = 3CE097692AAB16D400BE933B /* Preview Assets.xcassets */; };
		3CE29E312AC3139200E20490 /* AuthenticationViewModel.swift in Sources */ = {isa = PBXBuildFile; fileRef = 3CE29E302AC3139200E20490 /* AuthenticationViewModel.swift */; };
		3CE29E362AC3166800E20490 /* HomeViewModel.swift in Sources */ = {isa = PBXBuildFile; fileRef = 3CE29E352AC3166800E20490 /* HomeViewModel.swift */; };
		3CE29E392AC316C100E20490 /* AppSetupViewModel.swift in Sources */ = {isa = PBXBuildFile; fileRef = 3CE29E382AC316C100E20490 /* AppSetupViewModel.swift */; };
		3CF49CEE2AEE40DF00EC59B6 /* DeviceType.swift in Sources */ = {isa = PBXBuildFile; fileRef = 3CF49CED2AEE40DF00EC59B6 /* DeviceType.swift */; };
		3CF49CF02AEE536400EC59B6 /* EntriesList.swift in Sources */ = {isa = PBXBuildFile; fileRef = 3CF49CEF2AEE536400EC59B6 /* EntriesList.swift */; };
		3CF49CF22AEE6AF300EC59B6 /* EntriesSearchResults.swift in Sources */ = {isa = PBXBuildFile; fileRef = 3CF49CF12AEE6AF300EC59B6 /* EntriesSearchResults.swift */; };
		3CF49CF42AEE6C1000EC59B6 /* EntriesListRow.swift in Sources */ = {isa = PBXBuildFile; fileRef = 3CF49CF32AEE6C1000EC59B6 /* EntriesListRow.swift */; };
		3CF8AE492AB4A09400D29A89 /* FirstViewModel.swift in Sources */ = {isa = PBXBuildFile; fileRef = 3CF8AE482AB4A09400D29A89 /* FirstViewModel.swift */; };
		3CF8AE4B2AB4A1C600D29A89 /* FirstView.swift in Sources */ = {isa = PBXBuildFile; fileRef = 3CF8AE4A2AB4A1C600D29A89 /* FirstView.swift */; };
		3CF8AE4D2AB5A5EC00D29A89 /* AppSetupView.swift in Sources */ = {isa = PBXBuildFile; fileRef = 3CF8AE4C2AB5A5EC00D29A89 /* AppSetupView.swift */; };
/* End PBXBuildFile section */

/* Begin PBXContainerItemProxy section */
		3C1812AE2AF78D8C00E5FA61 /* PBXContainerItemProxy */ = {
			isa = PBXContainerItemProxy;
			containerPortal = 3CE097542AAB16D200BE933B /* Project object */;
			proxyType = 1;
			remoteGlobalIDString = 3CE0975B2AAB16D200BE933B;
			remoteInfo = Diary;
		};
		3C1812BE2AF79F3F00E5FA61 /* PBXContainerItemProxy */ = {
			isa = PBXContainerItemProxy;
			containerPortal = 3CE097542AAB16D200BE933B /* Project object */;
			proxyType = 1;
			remoteGlobalIDString = 3CE0975B2AAB16D200BE933B;
			remoteInfo = Diary;
		};
/* End PBXContainerItemProxy section */

/* Begin PBXCopyFilesBuildPhase section */
		3CA7189A2AC03358008A303A /* Embed Foundation Extensions */ = {
			isa = PBXCopyFilesBuildPhase;
			buildActionMask = 2147483647;
			dstPath = "";
			dstSubfolderSpec = 13;
			files = (
			);
			name = "Embed Foundation Extensions";
			runOnlyForDeploymentPostprocessing = 0;
		};
/* End PBXCopyFilesBuildPhase section */

/* Begin PBXFileReference section */
		3C00C3762AF11C660092743C /* UserDefaultsInteractor.swift */ = {isa = PBXFileReference; lastKnownFileType = sourcecode.swift; path = UserDefaultsInteractor.swift; sourceTree = "<group>"; };
		3C00C3782AF11DFE0092743C /* WhatAreAnonymousReports.swift */ = {isa = PBXFileReference; lastKnownFileType = sourcecode.swift; path = WhatAreAnonymousReports.swift; sourceTree = "<group>"; };
		3C0ED2302C71ED200030285F /* TextContentBlockView.swift */ = {isa = PBXFileReference; lastKnownFileType = sourcecode.swift; path = TextContentBlockView.swift; sourceTree = "<group>"; };
		3C0ED2332C71EE900030285F /* UnidentifiedContentBlockView.swift */ = {isa = PBXFileReference; lastKnownFileType = sourcecode.swift; path = UnidentifiedContentBlockView.swift; sourceTree = "<group>"; };
		3C0ED2372C71EEC60030285F /* ImagesContentBlockView.swift */ = {isa = PBXFileReference; lastKnownFileType = sourcecode.swift; path = ImagesContentBlockView.swift; sourceTree = "<group>"; };
		3C0ED2392C71F1960030285F /* DividerContentBlockView.swift */ = {isa = PBXFileReference; lastKnownFileType = sourcecode.swift; path = DividerContentBlockView.swift; sourceTree = "<group>"; };
		3C0F527C2C6912590081AD83 /* SwiftDataTest.swift */ = {isa = PBXFileReference; lastKnownFileType = sourcecode.swift; path = SwiftDataTest.swift; sourceTree = "<group>"; };
		3C0F527E2C6BB5080081AD83 /* ImageCacher.swift */ = {isa = PBXFileReference; lastKnownFileType = sourcecode.swift; path = ImageCacher.swift; sourceTree = "<group>"; };
		3C0F52802C6C9B9D0081AD83 /* EditEntryViewModel.swift */ = {isa = PBXFileReference; lastKnownFileType = sourcecode.swift; path = EditEntryViewModel.swift; sourceTree = "<group>"; };
		3C1452EE2AD6E93A00C8BC80 /* EntriesAnalyticsViewModel.swift */ = {isa = PBXFileReference; lastKnownFileType = sourcecode.swift; path = EntriesAnalyticsViewModel.swift; sourceTree = "<group>"; };
		3C1452F22AD713CF00C8BC80 /* AnalyticPropertyView.swift */ = {isa = PBXFileReference; lastKnownFileType = sourcecode.swift; path = AnalyticPropertyView.swift; sourceTree = "<group>"; };
		3C1452F42AD97F4D00C8BC80 /* InitialView.swift */ = {isa = PBXFileReference; lastKnownFileType = sourcecode.swift; path = InitialView.swift; sourceTree = "<group>"; };
		3C1452F92AD9A11100C8BC80 /* Documentation.docc */ = {isa = PBXFileReference; lastKnownFileType = folder.documentationcatalog; path = Documentation.docc; sourceTree = "<group>"; };
		3C1452FB2ADA926100C8BC80 /* KeychainError.swift */ = {isa = PBXFileReference; lastKnownFileType = sourcecode.swift; path = KeychainError.swift; sourceTree = "<group>"; };
		3C1812A42AF78B5800E5FA61 /* DiaryEntryTest.swift */ = {isa = PBXFileReference; lastKnownFileType = sourcecode.swift; path = DiaryEntryTest.swift; sourceTree = "<group>"; };
		3C1812AA2AF78D8C00E5FA61 /* UnitTests.xctest */ = {isa = PBXFileReference; explicitFileType = wrapper.cfbundle; includeInIndex = 0; path = UnitTests.xctest; sourceTree = BUILT_PRODUCTS_DIR; };
		3C1812AC2AF78D8C00E5FA61 /* UnitTests.swift */ = {isa = PBXFileReference; lastKnownFileType = sourcecode.swift; path = UnitTests.swift; sourceTree = "<group>"; };
		3C1812B82AF79F3F00E5FA61 /* DiaryUITests.xctest */ = {isa = PBXFileReference; explicitFileType = wrapper.cfbundle; includeInIndex = 0; path = DiaryUITests.xctest; sourceTree = BUILT_PRODUCTS_DIR; };
		3C1812BA2AF79F3F00E5FA61 /* DiaryUITests.swift */ = {isa = PBXFileReference; lastKnownFileType = sourcecode.swift; path = DiaryUITests.swift; sourceTree = "<group>"; };
		3C1812BC2AF79F3F00E5FA61 /* DiaryUITestsLaunchTests.swift */ = {isa = PBXFileReference; lastKnownFileType = sourcecode.swift; path = DiaryUITestsLaunchTests.swift; sourceTree = "<group>"; };
		3C1812C32AF7A13200E5FA61 /* EntriesListTest.swift */ = {isa = PBXFileReference; lastKnownFileType = sourcecode.swift; path = EntriesListTest.swift; sourceTree = "<group>"; };
		3C2AFD602AD0413A00C47519 /* EntryAnalyticsView.swift */ = {isa = PBXFileReference; lastKnownFileType = sourcecode.swift; path = EntryAnalyticsView.swift; sourceTree = "<group>"; };
		3C2AFD672AD041F900C47519 /* EntryAnalyticsViewModel.swift */ = {isa = PBXFileReference; lastKnownFileType = sourcecode.swift; path = EntryAnalyticsViewModel.swift; sourceTree = "<group>"; };
		3C2AFD732AD0703400C47519 /* EmotionalityRecognizer.mlpackage */ = {isa = PBXFileReference; lastKnownFileType = folder.mlpackage; path = EmotionalityRecognizer.mlpackage; sourceTree = "<group>"; };
		3C2CF1A32AC472DD0050DB45 /* SettingsViewModel.swift */ = {isa = PBXFileReference; lastKnownFileType = sourcecode.swift; path = SettingsViewModel.swift; sourceTree = "<group>"; };
		3C2CF1A52AC489CA0050DB45 /* AuthenticationHelper.swift */ = {isa = PBXFileReference; lastKnownFileType = sourcecode.swift; path = AuthenticationHelper.swift; sourceTree = "<group>"; };
		3C376B992B07A7DB009AAD03 /* EntryAnalyticsViewPrototype.swift */ = {isa = PBXFileReference; lastKnownFileType = sourcecode.swift; path = EntryAnalyticsViewPrototype.swift; sourceTree = "<group>"; };
		3C3CCF8E2AF4EDE90056841A /* LogType.swift */ = {isa = PBXFileReference; lastKnownFileType = sourcecode.swift; path = LogType.swift; sourceTree = "<group>"; };
		3C3CCF932AF6549D0056841A /* ReportErrorView.swift */ = {isa = PBXFileReference; lastKnownFileType = sourcecode.swift; path = ReportErrorView.swift; sourceTree = "<group>"; };
		3C43CD272C6E05EB002BBA20 /* LazyImage.swift */ = {isa = PBXFileReference; lastKnownFileType = sourcecode.swift; path = LazyImage.swift; sourceTree = "<group>"; };
		3C43CD2A2C70E3C3002BBA20 /* ContentBlocksCache.swift */ = {isa = PBXFileReference; lastKnownFileType = sourcecode.swift; path = ContentBlocksCache.swift; sourceTree = "<group>"; };
		3C50434A2C5FF56E00B75F84 /* ContentBlockAdderHub.swift */ = {isa = PBXFileReference; lastKnownFileType = sourcecode.swift; path = ContentBlockAdderHub.swift; sourceTree = "<group>"; };
		3C5E45012B0D0B970021F6B0 /* EntryAnalyticsPieChart.swift */ = {isa = PBXFileReference; lastKnownFileType = sourcecode.swift; path = EntryAnalyticsPieChart.swift; sourceTree = "<group>"; };
		3C5E45032B0D10AD0021F6B0 /* EntryAnalyticsMoodDistributionChart.swift */ = {isa = PBXFileReference; lastKnownFileType = sourcecode.swift; path = EntryAnalyticsMoodDistributionChart.swift; sourceTree = "<group>"; };
		3C5E45082B0DF7BA0021F6B0 /* MoodGauge.swift */ = {isa = PBXFileReference; lastKnownFileType = sourcecode.swift; path = MoodGauge.swift; sourceTree = "<group>"; };
		3C5E450A2B0DF9740021F6B0 /* MoodIndicatorsPreview.swift */ = {isa = PBXFileReference; lastKnownFileType = sourcecode.swift; path = MoodIndicatorsPreview.swift; sourceTree = "<group>"; };
		3C5E450D2B0DFA0A0021F6B0 /* Needle.swift */ = {isa = PBXFileReference; lastKnownFileType = sourcecode.swift; path = Needle.swift; sourceTree = "<group>"; };
		3C5E450F2B0DFAB20021F6B0 /* SentenceMood.swift */ = {isa = PBXFileReference; lastKnownFileType = sourcecode.swift; path = SentenceMood.swift; sourceTree = "<group>"; };
		3C6F9D4F2AFA7C4A00C02C10 /* EntriesAnalyzer.swift */ = {isa = PBXFileReference; lastKnownFileType = sourcecode.swift; path = EntriesAnalyzer.swift; sourceTree = "<group>"; };
		3C6F9D512AFA944F00C02C10 /* PrivacyAndSecuritySection.swift */ = {isa = PBXFileReference; lastKnownFileType = sourcecode.swift; path = PrivacyAndSecuritySection.swift; sourceTree = "<group>"; };
		3C6F9D532AFBB26300C02C10 /* MoodSpeedometer.swift */ = {isa = PBXFileReference; lastKnownFileType = sourcecode.swift; path = MoodSpeedometer.swift; sourceTree = "<group>"; };
		3C7A5CB02ADBF73800B0B8A4 /* .gitignore */ = {isa = PBXFileReference; lastKnownFileType = text; path = .gitignore; sourceTree = "<group>"; };
		3C7A5CB42AE0472500B0B8A4 /* CurrentTab.swift */ = {isa = PBXFileReference; lastKnownFileType = sourcecode.swift; path = CurrentTab.swift; sourceTree = "<group>"; };
		3C7A5CB62AE2CCE900B0B8A4 /* DestructiveButton.swift */ = {isa = PBXFileReference; lastKnownFileType = sourcecode.swift; path = DestructiveButton.swift; sourceTree = "<group>"; };
		3C7A5CB82AE3A73300B0B8A4 /* LockSymbol.swift */ = {isa = PBXFileReference; lastKnownFileType = sourcecode.swift; path = LockSymbol.swift; sourceTree = "<group>"; };
		3C846CF82AB9F85C0086A487 /* DeviceSpecifications.swift */ = {isa = PBXFileReference; lastKnownFileType = sourcecode.swift; path = DeviceSpecifications.swift; sourceTree = "<group>"; };
		3C8B0B0D2C788EBC008A0E3F /* SquareFrame.swift */ = {isa = PBXFileReference; lastKnownFileType = sourcecode.swift; path = SquareFrame.swift; sourceTree = "<group>"; };
		3C8B563B2AEBF1C0000F70C2 /* EditEntryView.swift */ = {isa = PBXFileReference; lastKnownFileType = sourcecode.swift; path = EditEntryView.swift; sourceTree = "<group>"; };
		3C93A0C32C5E6391007007C0 /* DebugDummyValues.swift */ = {isa = PBXFileReference; lastKnownFileType = sourcecode.swift; path = DebugDummyValues.swift; sourceTree = "<group>"; };
		3C93A0CA2C5E6C6E007007C0 /* EntriesAnalyticsView.swift */ = {isa = PBXFileReference; fileEncoding = 4; lastKnownFileType = sourcecode.swift; path = EntriesAnalyticsView.swift; sourceTree = "<group>"; };
		3C93A0CC2C5E6CCA007007C0 /* MoodOverTimeGraph.swift */ = {isa = PBXFileReference; fileEncoding = 4; lastKnownFileType = sourcecode.swift; path = MoodOverTimeGraph.swift; sourceTree = "<group>"; };
		3C93A0D02C5E6DC4007007C0 /* TextSize.swift */ = {isa = PBXFileReference; fileEncoding = 4; lastKnownFileType = sourcecode.swift; path = TextSize.swift; sourceTree = "<group>"; };
		3C93A0D12C5E6DC4007007C0 /* DividerType.swift */ = {isa = PBXFileReference; fileEncoding = 4; lastKnownFileType = sourcecode.swift; path = DividerType.swift; sourceTree = "<group>"; };
		3C93A0D22C5E6DC4007007C0 /* ContentBlockType.swift */ = {isa = PBXFileReference; fileEncoding = 4; lastKnownFileType = sourcecode.swift; path = ContentBlockType.swift; sourceTree = "<group>"; };
		3C93A0D32C5E6DC4007007C0 /* DiaryEntry.swift */ = {isa = PBXFileReference; fileEncoding = 4; lastKnownFileType = sourcecode.swift; path = DiaryEntry.swift; sourceTree = "<group>"; };
		3C93A0D42C5E6DC4007007C0 /* Settings.swift */ = {isa = PBXFileReference; fileEncoding = 4; lastKnownFileType = sourcecode.swift; path = Settings.swift; sourceTree = "<group>"; };
		3C93A0D62C5E6DC4007007C0 /* ImagesContentBlock.swift */ = {isa = PBXFileReference; fileEncoding = 4; lastKnownFileType = sourcecode.swift; path = ImagesContentBlock.swift; sourceTree = "<group>"; };
		3C93A0D92C5E6DC4007007C0 /* TextContentBlock.swift */ = {isa = PBXFileReference; fileEncoding = 4; lastKnownFileType = sourcecode.swift; path = TextContentBlock.swift; sourceTree = "<group>"; };
		3C93A0DB2C5E6DC4007007C0 /* DividerContentBlock.swift */ = {isa = PBXFileReference; fileEncoding = 4; lastKnownFileType = sourcecode.swift; path = DividerContentBlock.swift; sourceTree = "<group>"; };
		3C93A0DD2C5E6DC4007007C0 /* Entry.swift */ = {isa = PBXFileReference; fileEncoding = 4; lastKnownFileType = sourcecode.swift; path = Entry.swift; sourceTree = "<group>"; };
		3C93A0DE2C5E6DC4007007C0 /* ContentBlock.swift */ = {isa = PBXFileReference; fileEncoding = 4; lastKnownFileType = sourcecode.swift; path = ContentBlock.swift; sourceTree = "<group>"; };
		3C9792612AAB401B00612572 /* NavigationManager.swift */ = {isa = PBXFileReference; lastKnownFileType = sourcecode.swift; path = NavigationManager.swift; sourceTree = "<group>"; };
		3C9F668E2AEEE2CB007768B7 /* DiaryEntriesSortingTechnique.swift */ = {isa = PBXFileReference; lastKnownFileType = sourcecode.swift; path = DiaryEntriesSortingTechnique.swift; sourceTree = "<group>"; };
		3C9F66932AEFD822007768B7 /* LogReporter.swift */ = {isa = PBXFileReference; lastKnownFileType = sourcecode.swift; path = LogReporter.swift; sourceTree = "<group>"; };
		3C9F66952AEFE19A007768B7 /* AppLogger.swift */ = {isa = PBXFileReference; lastKnownFileType = sourcecode.swift; path = AppLogger.swift; sourceTree = "<group>"; };
		3CA718882AC03356008A303A /* WidgetKit.framework */ = {isa = PBXFileReference; lastKnownFileType = wrapper.framework; name = WidgetKit.framework; path = /System/Library/Frameworks/WidgetKit.framework; sourceTree = "<absolute>"; };
		3CA7188A2AC03356008A303A /* SwiftUI.framework */ = {isa = PBXFileReference; lastKnownFileType = wrapper.framework; name = SwiftUI.framework; path = /System/Library/Frameworks/SwiftUI.framework; sourceTree = "<absolute>"; };
		3CA8AAEA2AD4314A00352AAE /* EntriesSentimentClassifier.mlpackage */ = {isa = PBXFileReference; lastKnownFileType = folder.mlpackage; path = EntriesSentimentClassifier.mlpackage; sourceTree = "<group>"; };
		3CAC38A32AFF7E9A005F9AC1 /* SortingMenu.swift */ = {isa = PBXFileReference; lastKnownFileType = sourcecode.swift; path = SortingMenu.swift; sourceTree = "<group>"; };
		3CB77C1A2AADAC37004CE4D8 /* Localizable.xcstrings */ = {isa = PBXFileReference; lastKnownFileType = text.json.xcstrings; path = Localizable.xcstrings; sourceTree = "<group>"; };
		3CB77C1C2AADBF3D004CE4D8 /* EditExistingDiaryEntryView.swift */ = {isa = PBXFileReference; lastKnownFileType = sourcecode.swift; path = EditExistingDiaryEntryView.swift; sourceTree = "<group>"; };
		3CB77C1F2AADD860004CE4D8 /* AuthenticationView.swift */ = {isa = PBXFileReference; lastKnownFileType = sourcecode.swift; path = AuthenticationView.swift; sourceTree = "<group>"; };
		3CB77C212AADDB4E004CE4D8 /* Info.plist */ = {isa = PBXFileReference; lastKnownFileType = text.plist; path = Info.plist; sourceTree = "<group>"; };
		3CB77C242AAE3591004CE4D8 /* SettingsView.swift */ = {isa = PBXFileReference; lastKnownFileType = sourcecode.swift; path = SettingsView.swift; sourceTree = "<group>"; };
		3CB77C2E2AAEF57C004CE4D8 /* SecondaryButtonStyle.swift */ = {isa = PBXFileReference; lastKnownFileType = sourcecode.swift; path = SecondaryButtonStyle.swift; sourceTree = "<group>"; };
		3CB77C342AAF6E9A004CE4D8 /* DeleteUserProfileAfterBeingInactiveFor.swift */ = {isa = PBXFileReference; lastKnownFileType = sourcecode.swift; path = DeleteUserProfileAfterBeingInactiveFor.swift; sourceTree = "<group>"; };
		3CBB1CEF2AF91FC000BC1396 /* ShareDiaryEntryButton.swift */ = {isa = PBXFileReference; lastKnownFileType = sourcecode.swift; path = ShareDiaryEntryButton.swift; sourceTree = "<group>"; };
		3CCB1FDC2AE94AAA00184020 /* PrimaryButtonStyle.swift */ = {isa = PBXFileReference; lastKnownFileType = sourcecode.swift; path = PrimaryButtonStyle.swift; sourceTree = "<group>"; };
		3CCB1FDF2AE956EC00184020 /* NewEntryPopover.swift */ = {isa = PBXFileReference; lastKnownFileType = sourcecode.swift; path = NewEntryPopover.swift; sourceTree = "<group>"; };
		3CCB2FF82AB1E21D00FD8F25 /* CurrentView.swift */ = {isa = PBXFileReference; lastKnownFileType = sourcecode.swift; path = CurrentView.swift; sourceTree = "<group>"; };
		3CDDF42B2AAB8CF4006E1C99 /* HomeView.swift */ = {isa = PBXFileReference; lastKnownFileType = sourcecode.swift; path = HomeView.swift; sourceTree = "<group>"; };
		3CE0975C2AAB16D200BE933B /* Diary.app */ = {isa = PBXFileReference; explicitFileType = wrapper.application; includeInIndex = 0; path = Diary.app; sourceTree = BUILT_PRODUCTS_DIR; };
		3CE0975F2AAB16D200BE933B /* DiaryApp.swift */ = {isa = PBXFileReference; lastKnownFileType = sourcecode.swift; path = DiaryApp.swift; sourceTree = "<group>"; };
		3CE097652AAB16D400BE933B /* Assets.xcassets */ = {isa = PBXFileReference; lastKnownFileType = folder.assetcatalog; path = Assets.xcassets; sourceTree = "<group>"; };
		3CE097672AAB16D400BE933B /* Diary.entitlements */ = {isa = PBXFileReference; lastKnownFileType = text.plist.entitlements; path = Diary.entitlements; sourceTree = "<group>"; };
		3CE097692AAB16D400BE933B /* Preview Assets.xcassets */ = {isa = PBXFileReference; lastKnownFileType = folder.assetcatalog; path = "Preview Assets.xcassets"; sourceTree = "<group>"; };
		3CE29E302AC3139200E20490 /* AuthenticationViewModel.swift */ = {isa = PBXFileReference; lastKnownFileType = sourcecode.swift; path = AuthenticationViewModel.swift; sourceTree = "<group>"; };
		3CE29E352AC3166800E20490 /* HomeViewModel.swift */ = {isa = PBXFileReference; lastKnownFileType = sourcecode.swift; path = HomeViewModel.swift; sourceTree = "<group>"; };
		3CE29E382AC316C100E20490 /* AppSetupViewModel.swift */ = {isa = PBXFileReference; lastKnownFileType = sourcecode.swift; path = AppSetupViewModel.swift; sourceTree = "<group>"; };
		3CF49CED2AEE40DF00EC59B6 /* DeviceType.swift */ = {isa = PBXFileReference; lastKnownFileType = sourcecode.swift; path = DeviceType.swift; sourceTree = "<group>"; };
		3CF49CEF2AEE536400EC59B6 /* EntriesList.swift */ = {isa = PBXFileReference; lastKnownFileType = sourcecode.swift; path = EntriesList.swift; sourceTree = "<group>"; };
		3CF49CF12AEE6AF300EC59B6 /* EntriesSearchResults.swift */ = {isa = PBXFileReference; lastKnownFileType = sourcecode.swift; path = EntriesSearchResults.swift; sourceTree = "<group>"; };
		3CF49CF32AEE6C1000EC59B6 /* EntriesListRow.swift */ = {isa = PBXFileReference; lastKnownFileType = sourcecode.swift; path = EntriesListRow.swift; sourceTree = "<group>"; };
		3CF8AE482AB4A09400D29A89 /* FirstViewModel.swift */ = {isa = PBXFileReference; lastKnownFileType = sourcecode.swift; path = FirstViewModel.swift; sourceTree = "<group>"; };
		3CF8AE4A2AB4A1C600D29A89 /* FirstView.swift */ = {isa = PBXFileReference; lastKnownFileType = sourcecode.swift; path = FirstView.swift; sourceTree = "<group>"; };
		3CF8AE4C2AB5A5EC00D29A89 /* AppSetupView.swift */ = {isa = PBXFileReference; lastKnownFileType = sourcecode.swift; path = AppSetupView.swift; sourceTree = "<group>"; };
/* End PBXFileReference section */

/* Begin PBXFrameworksBuildPhase section */
		3C1812A72AF78D8C00E5FA61 /* Frameworks */ = {
			isa = PBXFrameworksBuildPhase;
			buildActionMask = 2147483647;
			files = (
			);
			runOnlyForDeploymentPostprocessing = 0;
		};
		3C1812B52AF79F3F00E5FA61 /* Frameworks */ = {
			isa = PBXFrameworksBuildPhase;
			buildActionMask = 2147483647;
			files = (
			);
			runOnlyForDeploymentPostprocessing = 0;
		};
		3CE097592AAB16D200BE933B /* Frameworks */ = {
			isa = PBXFrameworksBuildPhase;
			buildActionMask = 2147483647;
			files = (
			);
			runOnlyForDeploymentPostprocessing = 0;
		};
/* End PBXFrameworksBuildPhase section */

/* Begin PBXGroup section */
		3C0ED22E2C71DB1A0030285F /* Utilities */ = {
			isa = PBXGroup;
			children = (
				3C846CF82AB9F85C0086A487 /* DeviceSpecifications.swift */,
				3C43CD292C70E3BA002BBA20 /* Caching Mechanisms */,
				3C9F66972AEFE2D9007768B7 /* Logging and Reporting */,
			);
			path = Utilities;
			sourceTree = "<group>";
		};
		3C0ED2322C71EE7B0030285F /* ContentBlockView */ = {
			isa = PBXGroup;
			children = (
				3C0ED2302C71ED200030285F /* TextContentBlockView.swift */,
				3C0ED2392C71F1960030285F /* DividerContentBlockView.swift */,
				3C0ED2332C71EE900030285F /* UnidentifiedContentBlockView.swift */,
				3C8B0B0C2C788EAB008A0E3F /* ImagesContentBlockView */,
			);
			path = ContentBlockView;
			sourceTree = "<group>";
		};
		3C1452ED2AD6E89A00C8BC80 /* EntriesAnalytics */ = {
			isa = PBXGroup;
			children = (
				3C93A0CA2C5E6C6E007007C0 /* EntriesAnalyticsView.swift */,
				3C93A0CC2C5E6CCA007007C0 /* MoodOverTimeGraph.swift */,
				3C1452F22AD713CF00C8BC80 /* AnalyticPropertyView.swift */,
				3C1452EE2AD6E93A00C8BC80 /* EntriesAnalyticsViewModel.swift */,
			);
			path = EntriesAnalytics;
			sourceTree = "<group>";
		};
		3C1812AB2AF78D8C00E5FA61 /* UnitTests */ = {
			isa = PBXGroup;
			children = (
				3C1812AC2AF78D8C00E5FA61 /* UnitTests.swift */,
				3C1812A42AF78B5800E5FA61 /* DiaryEntryTest.swift */,
			);
			path = UnitTests;
			sourceTree = "<group>";
		};
		3C1812B92AF79F3F00E5FA61 /* DiaryUITests */ = {
			isa = PBXGroup;
			children = (
				3C1812BA2AF79F3F00E5FA61 /* DiaryUITests.swift */,
				3C1812C32AF7A13200E5FA61 /* EntriesListTest.swift */,
				3C1812BC2AF79F3F00E5FA61 /* DiaryUITestsLaunchTests.swift */,
			);
			path = DiaryUITests;
			sourceTree = "<group>";
		};
		3C2AFD5C2AD00F4200C47519 /* FirstView */ = {
			isa = PBXGroup;
			children = (
				3CF8AE4A2AB4A1C600D29A89 /* FirstView.swift */,
				3CF8AE482AB4A09400D29A89 /* FirstViewModel.swift */,
			);
			path = FirstView;
			sourceTree = "<group>";
		};
		3C2AFD662AD041DE00C47519 /* EntryAnalytics */ = {
			isa = PBXGroup;
			children = (
				3C2AFD602AD0413A00C47519 /* EntryAnalyticsView.swift */,
				3C5E45032B0D10AD0021F6B0 /* EntryAnalyticsMoodDistributionChart.swift */,
				3C5E45012B0D0B970021F6B0 /* EntryAnalyticsPieChart.swift */,
				3C376B992B07A7DB009AAD03 /* EntryAnalyticsViewPrototype.swift */,
				3C6F9D4F2AFA7C4A00C02C10 /* EntriesAnalyzer.swift */,
				3C5E45052B0DE3020021F6B0 /* MoodIndicators */,
				3C2AFD672AD041F900C47519 /* EntryAnalyticsViewModel.swift */,
			);
			path = EntryAnalytics;
			sourceTree = "<group>";
		};
		3C2CF1A22AC472D20050DB45 /* Settings */ = {
			isa = PBXGroup;
			children = (
				3CB77C242AAE3591004CE4D8 /* SettingsView.swift */,
				3C6F9D512AFA944F00C02C10 /* PrivacyAndSecuritySection.swift */,
				3C3CCF932AF6549D0056841A /* ReportErrorView.swift */,
				3C00C3782AF11DFE0092743C /* WhatAreAnonymousReports.swift */,
				3C2CF1A32AC472DD0050DB45 /* SettingsViewModel.swift */,
				3C2CF1A52AC489CA0050DB45 /* AuthenticationHelper.swift */,
				3C7A5CB62AE2CCE900B0B8A4 /* DestructiveButton.swift */,
			);
			path = Settings;
			sourceTree = "<group>";
		};
		3C3CCF922AF4FC010056841A /* NavigationManager */ = {
			isa = PBXGroup;
			children = (
				3C9792612AAB401B00612572 /* NavigationManager.swift */,
			);
			path = NavigationManager;
			sourceTree = "<group>";
		};
		3C43CD292C70E3BA002BBA20 /* Caching Mechanisms */ = {
			isa = PBXGroup;
			children = (
				3C0F527E2C6BB5080081AD83 /* ImageCacher.swift */,
				3C43CD2A2C70E3C3002BBA20 /* ContentBlocksCache.swift */,
			);
			path = "Caching Mechanisms";
			sourceTree = "<group>";
		};
		3C5E45052B0DE3020021F6B0 /* MoodIndicators */ = {
			isa = PBXGroup;
			children = (
				3C5E450C2B0DF99B0021F6B0 /* MoodSpeedometer */,
				3C5E450A2B0DF9740021F6B0 /* MoodIndicatorsPreview.swift */,
				3C5E45082B0DF7BA0021F6B0 /* MoodGauge.swift */,
			);
			path = MoodIndicators;
			sourceTree = "<group>";
		};
		3C5E450C2B0DF99B0021F6B0 /* MoodSpeedometer */ = {
			isa = PBXGroup;
			children = (
				3C6F9D532AFBB26300C02C10 /* MoodSpeedometer.swift */,
				3C5E450D2B0DFA0A0021F6B0 /* Needle.swift */,
			);
			path = MoodSpeedometer;
			sourceTree = "<group>";
		};
		3C7D78582AF4EDAB0071B7A6 /* LogReporter */ = {
			isa = PBXGroup;
			children = (
				3C9F66932AEFD822007768B7 /* LogReporter.swift */,
				3C3CCF8E2AF4EDE90056841A /* LogType.swift */,
			);
			path = LogReporter;
			sourceTree = "<group>";
		};
		3C8B0B0C2C788EAB008A0E3F /* ImagesContentBlockView */ = {
			isa = PBXGroup;
			children = (
				3C0ED2372C71EEC60030285F /* ImagesContentBlockView.swift */,
				3C8B0B0D2C788EBC008A0E3F /* SquareFrame.swift */,
			);
			path = ImagesContentBlockView;
			sourceTree = "<group>";
		};
		3C93A0CE2C5E6DC4007007C0 /* Models */ = {
			isa = PBXGroup;
			children = (
				3C93A0D32C5E6DC4007007C0 /* DiaryEntry.swift */,
				3C0F527C2C6912590081AD83 /* SwiftDataTest.swift */,
				3C93A0D42C5E6DC4007007C0 /* Settings.swift */,
				3C93A0CF2C5E6DC4007007C0 /* Enums */,
				3C93A0D52C5E6DC4007007C0 /* ContentBlocks */,
				3C93A0DC2C5E6DC4007007C0 /* Protocols */,
			);
			name = Models;
			path = "Components Styles/Models";
			sourceTree = "<group>";
		};
		3C93A0CF2C5E6DC4007007C0 /* Enums */ = {
			isa = PBXGroup;
			children = (
				3C93A0D02C5E6DC4007007C0 /* TextSize.swift */,
				3C93A0D12C5E6DC4007007C0 /* DividerType.swift */,
				3C93A0D22C5E6DC4007007C0 /* ContentBlockType.swift */,
			);
			path = Enums;
			sourceTree = "<group>";
		};
		3C93A0D52C5E6DC4007007C0 /* ContentBlocks */ = {
			isa = PBXGroup;
			children = (
				3C93A0D62C5E6DC4007007C0 /* ImagesContentBlock.swift */,
				3C93A0D92C5E6DC4007007C0 /* TextContentBlock.swift */,
				3C93A0DB2C5E6DC4007007C0 /* DividerContentBlock.swift */,
			);
			path = ContentBlocks;
			sourceTree = "<group>";
		};
		3C93A0DC2C5E6DC4007007C0 /* Protocols */ = {
			isa = PBXGroup;
			children = (
				3C93A0DD2C5E6DC4007007C0 /* Entry.swift */,
				3C93A0DE2C5E6DC4007007C0 /* ContentBlock.swift */,
			);
			path = Protocols;
			sourceTree = "<group>";
		};
		3C9F66972AEFE2D9007768B7 /* Logging and Reporting */ = {
			isa = PBXGroup;
			children = (
				3C7D78582AF4EDAB0071B7A6 /* LogReporter */,
				3C9F66952AEFE19A007768B7 /* AppLogger.swift */,
				3C00C3762AF11C660092743C /* UserDefaultsInteractor.swift */,
			);
			path = "Logging and Reporting";
			sourceTree = "<group>";
		};
		3CA718872AC03356008A303A /* Frameworks */ = {
			isa = PBXGroup;
			children = (
				3CA718882AC03356008A303A /* WidgetKit.framework */,
				3CA7188A2AC03356008A303A /* SwiftUI.framework */,
			);
			name = Frameworks;
			sourceTree = "<group>";
		};
		3CB77C2D2AAEF4F7004CE4D8 /* Components Styles */ = {
			isa = PBXGroup;
			children = (
				3CCB1FDE2AE94ABF00184020 /* Buttons */,
			);
			path = "Components Styles";
			sourceTree = "<group>";
		};
		3CCA3B152AED607B00B7809E /* EditExistingDiaryEntry */ = {
			isa = PBXGroup;
			children = (
				3CB77C1C2AADBF3D004CE4D8 /* EditExistingDiaryEntryView.swift */,
				3CBB1CEF2AF91FC000BC1396 /* ShareDiaryEntryButton.swift */,
			);
			path = EditExistingDiaryEntry;
			sourceTree = "<group>";
		};
		3CCB1FDB2AE94A3F00184020 /* Views */ = {
			isa = PBXGroup;
			children = (
				3C2AFD5C2AD00F4200C47519 /* FirstView */,
				3C3CCF922AF4FC010056841A /* NavigationManager */,
				3CF49CEC2AEE3FB200EC59B6 /* EditEntryView */,
				3C1452ED2AD6E89A00C8BC80 /* EntriesAnalytics */,
				3CCA3B152AED607B00B7809E /* EditExistingDiaryEntry */,
				3C2AFD662AD041DE00C47519 /* EntryAnalytics */,
				3C2CF1A22AC472D20050DB45 /* Settings */,
				3CE29E3A2AC332DD00E20490 /* AppSetup */,
				3CE29E372AC3169B00E20490 /* HomeView */,
				3CE29E2F2AC3135D00E20490 /* Authentication */,
			);
			path = Views;
			sourceTree = "<group>";
		};
		3CCB1FDE2AE94ABF00184020 /* Buttons */ = {
			isa = PBXGroup;
			children = (
				3CB77C2E2AAEF57C004CE4D8 /* SecondaryButtonStyle.swift */,
				3CCB1FDC2AE94AAA00184020 /* PrimaryButtonStyle.swift */,
			);
			path = Buttons;
			sourceTree = "<group>";
		};
		3CE097532AAB16D200BE933B = {
			isa = PBXGroup;
			children = (
				3CB77C1A2AADAC37004CE4D8 /* Localizable.xcstrings */,
				3CE0975E2AAB16D200BE933B /* Diary */,
				3C7A5CB02ADBF73800B0B8A4 /* .gitignore */,
				3C1812AB2AF78D8C00E5FA61 /* UnitTests */,
				3C1812B92AF79F3F00E5FA61 /* DiaryUITests */,
				3CA718872AC03356008A303A /* Frameworks */,
				3CE0975D2AAB16D200BE933B /* Products */,
			);
			sourceTree = "<group>";
		};
		3CE0975D2AAB16D200BE933B /* Products */ = {
			isa = PBXGroup;
			children = (
				3CE0975C2AAB16D200BE933B /* Diary.app */,
				3C1812AA2AF78D8C00E5FA61 /* UnitTests.xctest */,
				3C1812B82AF79F3F00E5FA61 /* DiaryUITests.xctest */,
			);
			name = Products;
			sourceTree = "<group>";
		};
		3CE0975E2AAB16D200BE933B /* Diary */ = {
			isa = PBXGroup;
			children = (
				3C2AFD732AD0703400C47519 /* EmotionalityRecognizer.mlpackage */,
				3CA8AAEA2AD4314A00352AAE /* EntriesSentimentClassifier.mlpackage */,
				3CB77C212AADDB4E004CE4D8 /* Info.plist */,
				3CE0975F2AAB16D200BE933B /* DiaryApp.swift */,
				3CE29E342AC3158D00E20490 /* Enum */,
				3C1452F92AD9A11100C8BC80 /* Documentation.docc */,
				3C0ED22E2C71DB1A0030285F /* Utilities */,
				3CCB1FDB2AE94A3F00184020 /* Views */,
				3CB77C2D2AAEF4F7004CE4D8 /* Components Styles */,
				3C93A0CE2C5E6DC4007007C0 /* Models */,
				3CE097672AAB16D400BE933B /* Diary.entitlements */,
				3CE097652AAB16D400BE933B /* Assets.xcassets */,
				3CE097682AAB16D400BE933B /* Preview Content */,
			);
			path = Diary;
			sourceTree = "<group>";
		};
		3CE097682AAB16D400BE933B /* Preview Content */ = {
			isa = PBXGroup;
			children = (
				3CE097692AAB16D400BE933B /* Preview Assets.xcassets */,
				3C93A0C32C5E6391007007C0 /* DebugDummyValues.swift */,
			);
			path = "Preview Content";
			sourceTree = "<group>";
		};
		3CE29E2F2AC3135D00E20490 /* Authentication */ = {
			isa = PBXGroup;
			children = (
				3CB77C1F2AADD860004CE4D8 /* AuthenticationView.swift */,
				3C7A5CB82AE3A73300B0B8A4 /* LockSymbol.swift */,
				3CE29E302AC3139200E20490 /* AuthenticationViewModel.swift */,
			);
			path = Authentication;
			sourceTree = "<group>";
		};
		3CE29E342AC3158D00E20490 /* Enum */ = {
			isa = PBXGroup;
			children = (
				3CB77C342AAF6E9A004CE4D8 /* DeleteUserProfileAfterBeingInactiveFor.swift */,
				3CCB2FF82AB1E21D00FD8F25 /* CurrentView.swift */,
				3C1452F42AD97F4D00C8BC80 /* InitialView.swift */,
				3C1452FB2ADA926100C8BC80 /* KeychainError.swift */,
				3C7A5CB42AE0472500B0B8A4 /* CurrentTab.swift */,
				3CF49CED2AEE40DF00EC59B6 /* DeviceType.swift */,
				3C9F668E2AEEE2CB007768B7 /* DiaryEntriesSortingTechnique.swift */,
				3C5E450F2B0DFAB20021F6B0 /* SentenceMood.swift */,
			);
			path = Enum;
			sourceTree = "<group>";
		};
		3CE29E372AC3169B00E20490 /* HomeView */ = {
			isa = PBXGroup;
			children = (
				3CDDF42B2AAB8CF4006E1C99 /* HomeView.swift */,
				3CAC38A32AFF7E9A005F9AC1 /* SortingMenu.swift */,
				3CF49CF12AEE6AF300EC59B6 /* EntriesSearchResults.swift */,
				3CF49CEF2AEE536400EC59B6 /* EntriesList.swift */,
				3CF49CF32AEE6C1000EC59B6 /* EntriesListRow.swift */,
				3CCB1FDF2AE956EC00184020 /* NewEntryPopover.swift */,
				3CE29E352AC3166800E20490 /* HomeViewModel.swift */,
			);
			path = HomeView;
			sourceTree = "<group>";
		};
		3CE29E3A2AC332DD00E20490 /* AppSetup */ = {
			isa = PBXGroup;
			children = (
				3CF8AE4C2AB5A5EC00D29A89 /* AppSetupView.swift */,
				3CE29E382AC316C100E20490 /* AppSetupViewModel.swift */,
			);
			path = AppSetup;
			sourceTree = "<group>";
		};
		3CF49CEC2AEE3FB200EC59B6 /* EditEntryView */ = {
			isa = PBXGroup;
			children = (
				3C8B563B2AEBF1C0000F70C2 /* EditEntryView.swift */,
				3C0ED2322C71EE7B0030285F /* ContentBlockView */,
				3C43CD272C6E05EB002BBA20 /* LazyImage.swift */,
				3C0F52802C6C9B9D0081AD83 /* EditEntryViewModel.swift */,
				3C50434A2C5FF56E00B75F84 /* ContentBlockAdderHub.swift */,
			);
			path = EditEntryView;
			sourceTree = "<group>";
		};
/* End PBXGroup section */

/* Begin PBXNativeTarget section */
		3C1812A92AF78D8C00E5FA61 /* UnitTests */ = {
			isa = PBXNativeTarget;
			buildConfigurationList = 3C1812B02AF78D8C00E5FA61 /* Build configuration list for PBXNativeTarget "UnitTests" */;
			buildPhases = (
				3C1812A62AF78D8C00E5FA61 /* Sources */,
				3C1812A72AF78D8C00E5FA61 /* Frameworks */,
				3C1812A82AF78D8C00E5FA61 /* Resources */,
			);
			buildRules = (
			);
			dependencies = (
				3C1812AF2AF78D8C00E5FA61 /* PBXTargetDependency */,
			);
			name = UnitTests;
			productName = UnitTests;
			productReference = 3C1812AA2AF78D8C00E5FA61 /* UnitTests.xctest */;
			productType = "com.apple.product-type.bundle.unit-test";
		};
		3C1812B72AF79F3F00E5FA61 /* DiaryUITests */ = {
			isa = PBXNativeTarget;
			buildConfigurationList = 3C1812C02AF79F3F00E5FA61 /* Build configuration list for PBXNativeTarget "DiaryUITests" */;
			buildPhases = (
				3C1812B42AF79F3F00E5FA61 /* Sources */,
				3C1812B52AF79F3F00E5FA61 /* Frameworks */,
				3C1812B62AF79F3F00E5FA61 /* Resources */,
			);
			buildRules = (
			);
			dependencies = (
				3C1812BF2AF79F3F00E5FA61 /* PBXTargetDependency */,
			);
			name = DiaryUITests;
			productName = DiaryUITests;
			productReference = 3C1812B82AF79F3F00E5FA61 /* DiaryUITests.xctest */;
			productType = "com.apple.product-type.bundle.ui-testing";
		};
		3CE0975B2AAB16D200BE933B /* Diary */ = {
			isa = PBXNativeTarget;
			buildConfigurationList = 3CE0976D2AAB16D400BE933B /* Build configuration list for PBXNativeTarget "Diary" */;
			buildPhases = (
				3CE097582AAB16D200BE933B /* Sources */,
				3CE097592AAB16D200BE933B /* Frameworks */,
				3CE0975A2AAB16D200BE933B /* Resources */,
				3CA7189A2AC03358008A303A /* Embed Foundation Extensions */,
			);
			buildRules = (
			);
			dependencies = (
			);
			name = Diary;
			productName = Diary;
			productReference = 3CE0975C2AAB16D200BE933B /* Diary.app */;
			productType = "com.apple.product-type.application";
		};
/* End PBXNativeTarget section */

/* Begin PBXProject section */
		3CE097542AAB16D200BE933B /* Project object */ = {
			isa = PBXProject;
			attributes = {
				BuildIndependentTargetsInParallel = 1;
				LastSwiftUpdateCheck = 1500;
				LastUpgradeCheck = 1500;
				TargetAttributes = {
					3C1812A92AF78D8C00E5FA61 = {
						CreatedOnToolsVersion = 15.0;
						TestTargetID = 3CE0975B2AAB16D200BE933B;
					};
					3C1812B72AF79F3F00E5FA61 = {
						CreatedOnToolsVersion = 15.0;
						TestTargetID = 3CE0975B2AAB16D200BE933B;
					};
					3CE0975B2AAB16D200BE933B = {
						CreatedOnToolsVersion = 15.0;
					};
				};
			};
			buildConfigurationList = 3CE097572AAB16D200BE933B /* Build configuration list for PBXProject "Diary" */;
			compatibilityVersion = "Xcode 14.0";
			developmentRegion = en;
			hasScannedForEncodings = 0;
			knownRegions = (
				en,
				Base,
				de,
				ru,
			);
			mainGroup = 3CE097532AAB16D200BE933B;
			productRefGroup = 3CE0975D2AAB16D200BE933B /* Products */;
			projectDirPath = "";
			projectRoot = "";
			targets = (
				3CE0975B2AAB16D200BE933B /* Diary */,
				3C1812A92AF78D8C00E5FA61 /* UnitTests */,
				3C1812B72AF79F3F00E5FA61 /* DiaryUITests */,
			);
		};
/* End PBXProject section */

/* Begin PBXResourcesBuildPhase section */
		3C1812A82AF78D8C00E5FA61 /* Resources */ = {
			isa = PBXResourcesBuildPhase;
			buildActionMask = 2147483647;
			files = (
			);
			runOnlyForDeploymentPostprocessing = 0;
		};
		3C1812B62AF79F3F00E5FA61 /* Resources */ = {
			isa = PBXResourcesBuildPhase;
			buildActionMask = 2147483647;
			files = (
			);
			runOnlyForDeploymentPostprocessing = 0;
		};
		3CE0975A2AAB16D200BE933B /* Resources */ = {
			isa = PBXResourcesBuildPhase;
			buildActionMask = 2147483647;
			files = (
				3C7A5CB12ADBF73800B0B8A4 /* .gitignore in Resources */,
				3CE0976A2AAB16D400BE933B /* Preview Assets.xcassets in Resources */,
				3CE097662AAB16D400BE933B /* Assets.xcassets in Resources */,
				3CB77C1B2AADAC37004CE4D8 /* Localizable.xcstrings in Resources */,
			);
			runOnlyForDeploymentPostprocessing = 0;
		};
/* End PBXResourcesBuildPhase section */

/* Begin PBXSourcesBuildPhase section */
		3C1812A62AF78D8C00E5FA61 /* Sources */ = {
			isa = PBXSourcesBuildPhase;
			buildActionMask = 2147483647;
			files = (
				3C1812B32AF78DA100E5FA61 /* DiaryEntryTest.swift in Sources */,
				3C1812AD2AF78D8C00E5FA61 /* UnitTests.swift in Sources */,
			);
			runOnlyForDeploymentPostprocessing = 0;
		};
		3C1812B42AF79F3F00E5FA61 /* Sources */ = {
			isa = PBXSourcesBuildPhase;
			buildActionMask = 2147483647;
			files = (
				3C1812BD2AF79F3F00E5FA61 /* DiaryUITestsLaunchTests.swift in Sources */,
				3C1812C42AF7A13200E5FA61 /* EntriesListTest.swift in Sources */,
				3C1812BB2AF79F3F00E5FA61 /* DiaryUITests.swift in Sources */,
			);
			runOnlyForDeploymentPostprocessing = 0;
		};
		3CE097582AAB16D200BE933B /* Sources */ = {
			isa = PBXSourcesBuildPhase;
			buildActionMask = 2147483647;
			files = (
				3CCB1FDD2AE94AAA00184020 /* PrimaryButtonStyle.swift in Sources */,
				3CF49CEE2AEE40DF00EC59B6 /* DeviceType.swift in Sources */,
				3C5E45102B0DFAB20021F6B0 /* SentenceMood.swift in Sources */,
				3C0ED23A2C71F1960030285F /* DividerContentBlockView.swift in Sources */,
				3C0F527D2C6912590081AD83 /* SwiftDataTest.swift in Sources */,
				3CE29E392AC316C100E20490 /* AppSetupViewModel.swift in Sources */,
				3C93A0E32C5E6DC4007007C0 /* Settings.swift in Sources */,
				3CB77C1D2AADBF3D004CE4D8 /* EditExistingDiaryEntryView.swift in Sources */,
				3CDDF42C2AAB8CF4006E1C99 /* HomeView.swift in Sources */,
				3C0F52812C6C9B9D0081AD83 /* EditEntryViewModel.swift in Sources */,
				3C376B9A2B07A7DB009AAD03 /* EntryAnalyticsViewPrototype.swift in Sources */,
				3C6F9D542AFBB26300C02C10 /* MoodSpeedometer.swift in Sources */,
				3CE29E362AC3166800E20490 /* HomeViewModel.swift in Sources */,
				3CF49CF42AEE6C1000EC59B6 /* EntriesListRow.swift in Sources */,
				3CCB1FE02AE956EC00184020 /* NewEntryPopover.swift in Sources */,
				3C93A0E82C5E6DC4007007C0 /* DividerContentBlock.swift in Sources */,
				3C6F9D502AFA7C4A00C02C10 /* EntriesAnalyzer.swift in Sources */,
				3C43CD2B2C70E3C3002BBA20 /* ContentBlocksCache.swift in Sources */,
				3C93A0E02C5E6DC4007007C0 /* DividerType.swift in Sources */,
				3CF8AE4B2AB4A1C600D29A89 /* FirstView.swift in Sources */,
				3C2CF1A42AC472DD0050DB45 /* SettingsViewModel.swift in Sources */,
				3CB77C252AAE3591004CE4D8 /* SettingsView.swift in Sources */,
				3C50434B2C5FF56E00B75F84 /* ContentBlockAdderHub.swift in Sources */,
				3C93A0CB2C5E6C6E007007C0 /* EntriesAnalyticsView.swift in Sources */,
				3C93A0C42C5E6391007007C0 /* DebugDummyValues.swift in Sources */,
				3C9F66942AEFD822007768B7 /* LogReporter.swift in Sources */,
				3C93A0CD2C5E6CCA007007C0 /* MoodOverTimeGraph.swift in Sources */,
				3C5E45042B0D10AD0021F6B0 /* EntryAnalyticsMoodDistributionChart.swift in Sources */,
				3C1452F32AD713CF00C8BC80 /* AnalyticPropertyView.swift in Sources */,
				3C93A0E92C5E6DC4007007C0 /* Entry.swift in Sources */,
				3C7A5CB52AE0472500B0B8A4 /* CurrentTab.swift in Sources */,
				3C2CF1A62AC489CA0050DB45 /* AuthenticationHelper.swift in Sources */,
				3C9F668F2AEEE2CB007768B7 /* DiaryEntriesSortingTechnique.swift in Sources */,
				3CE097602AAB16D200BE933B /* DiaryApp.swift in Sources */,
				3CE29E312AC3139200E20490 /* AuthenticationViewModel.swift in Sources */,
				3CF8AE492AB4A09400D29A89 /* FirstViewModel.swift in Sources */,
				3C93A0EA2C5E6DC4007007C0 /* ContentBlock.swift in Sources */,
				3C2AFD742AD0703400C47519 /* EmotionalityRecognizer.mlpackage in Sources */,
				3C846CF92AB9F85C0086A487 /* DeviceSpecifications.swift in Sources */,
				3C5E45022B0D0B970021F6B0 /* EntryAnalyticsPieChart.swift in Sources */,
				3CF8AE4D2AB5A5EC00D29A89 /* AppSetupView.swift in Sources */,
				3C93A0DF2C5E6DC4007007C0 /* TextSize.swift in Sources */,
				3CA8AAEB2AD4314A00352AAE /* EntriesSentimentClassifier.mlpackage in Sources */,
				3CB77C202AADD860004CE4D8 /* AuthenticationView.swift in Sources */,
				3C0ED2312C71ED200030285F /* TextContentBlockView.swift in Sources */,
				3CAC38A42AFF7E9A005F9AC1 /* SortingMenu.swift in Sources */,
				3C2AFD682AD041F900C47519 /* EntryAnalyticsViewModel.swift in Sources */,
				3C5E45092B0DF7BA0021F6B0 /* MoodGauge.swift in Sources */,
				3C1452FC2ADA926100C8BC80 /* KeychainError.swift in Sources */,
				3CF49CF02AEE536400EC59B6 /* EntriesList.swift in Sources */,
				3C0ED2342C71EE900030285F /* UnidentifiedContentBlockView.swift in Sources */,
				3CBB1CF02AF91FC000BC1396 /* ShareDiaryEntryButton.swift in Sources */,
				3C2AFD612AD0413A00C47519 /* EntryAnalyticsView.swift in Sources */,
				3C9F66962AEFE19A007768B7 /* AppLogger.swift in Sources */,
				3CCB2FF92AB1E21D00FD8F25 /* CurrentView.swift in Sources */,
				3C0ED2382C71EEC60030285F /* ImagesContentBlockView.swift in Sources */,
				3C7A5CB72AE2CCE900B0B8A4 /* DestructiveButton.swift in Sources */,
				3C93A0E42C5E6DC4007007C0 /* ImagesContentBlock.swift in Sources */,
				3C93A0E12C5E6DC4007007C0 /* ContentBlockType.swift in Sources */,
				3CB77C352AAF6E9A004CE4D8 /* DeleteUserProfileAfterBeingInactiveFor.swift in Sources */,
				3C43CD282C6E05EB002BBA20 /* LazyImage.swift in Sources */,
				3C7A5CB92AE3A73300B0B8A4 /* LockSymbol.swift in Sources */,
				3C93A0E62C5E6DC4007007C0 /* TextContentBlock.swift in Sources */,
				3CB77C2F2AAEF57C004CE4D8 /* SecondaryButtonStyle.swift in Sources */,
				3C5E450B2B0DF9740021F6B0 /* MoodIndicatorsPreview.swift in Sources */,
				3C0F527F2C6BB5080081AD83 /* ImageCacher.swift in Sources */,
				3C1452FA2AD9A11100C8BC80 /* Documentation.docc in Sources */,
				3C3CCF942AF6549D0056841A /* ReportErrorView.swift in Sources */,
				3C1452EF2AD6E93A00C8BC80 /* EntriesAnalyticsViewModel.swift in Sources */,
				3C8B563C2AEBF1C0000F70C2 /* EditEntryView.swift in Sources */,
				3C5E450E2B0DFA0A0021F6B0 /* Needle.swift in Sources */,
				3C8B0B0E2C788EBC008A0E3F /* SquareFrame.swift in Sources */,
				3C1452F52AD97F4D00C8BC80 /* InitialView.swift in Sources */,
				3CF49CF22AEE6AF300EC59B6 /* EntriesSearchResults.swift in Sources */,
				3C3CCF8F2AF4EDE90056841A /* LogType.swift in Sources */,
				3C6F9D522AFA944F00C02C10 /* PrivacyAndSecuritySection.swift in Sources */,
				3C9792622AAB401B00612572 /* NavigationManager.swift in Sources */,
				3C00C3792AF11DFE0092743C /* WhatAreAnonymousReports.swift in Sources */,
				3C00C3772AF11C660092743C /* UserDefaultsInteractor.swift in Sources */,
				3C93A0E22C5E6DC4007007C0 /* DiaryEntry.swift in Sources */,
			);
			runOnlyForDeploymentPostprocessing = 0;
		};
/* End PBXSourcesBuildPhase section */

/* Begin PBXTargetDependency section */
		3C1812AF2AF78D8C00E5FA61 /* PBXTargetDependency */ = {
			isa = PBXTargetDependency;
			target = 3CE0975B2AAB16D200BE933B /* Diary */;
			targetProxy = 3C1812AE2AF78D8C00E5FA61 /* PBXContainerItemProxy */;
		};
		3C1812BF2AF79F3F00E5FA61 /* PBXTargetDependency */ = {
			isa = PBXTargetDependency;
			target = 3CE0975B2AAB16D200BE933B /* Diary */;
			targetProxy = 3C1812BE2AF79F3F00E5FA61 /* PBXContainerItemProxy */;
		};
/* End PBXTargetDependency section */

/* Begin XCBuildConfiguration section */
		3C1812B12AF78D8C00E5FA61 /* Debug */ = {
			isa = XCBuildConfiguration;
			buildSettings = {
				BUNDLE_LOADER = "$(TEST_HOST)";
				CODE_SIGN_STYLE = Automatic;
				CURRENT_PROJECT_VERSION = 1;
				DEVELOPMENT_TEAM = PU366SCQNB;
				GENERATE_INFOPLIST_FILE = YES;
				IPHONEOS_DEPLOYMENT_TARGET = 17.0;
				MACOSX_DEPLOYMENT_TARGET = 13.6;
				MARKETING_VERSION = 1.0;
				PRODUCT_BUNDLE_IDENTIFIER = d.litvinov.UnitTests;
				PRODUCT_NAME = "$(TARGET_NAME)";
				SDKROOT = auto;
				SUPPORTED_PLATFORMS = "iphoneos iphonesimulator macosx";
				SWIFT_EMIT_LOC_STRINGS = NO;
				SWIFT_VERSION = 5.0;
				TARGETED_DEVICE_FAMILY = "1,2";
				TEST_HOST = "$(BUILT_PRODUCTS_DIR)/Diary.app/$(BUNDLE_EXECUTABLE_FOLDER_PATH)/Diary";
			};
			name = Debug;
		};
		3C1812B22AF78D8C00E5FA61 /* Release */ = {
			isa = XCBuildConfiguration;
			buildSettings = {
				BUNDLE_LOADER = "$(TEST_HOST)";
				CODE_SIGN_STYLE = Automatic;
				CURRENT_PROJECT_VERSION = 1;
				DEVELOPMENT_TEAM = PU366SCQNB;
				GENERATE_INFOPLIST_FILE = YES;
				IPHONEOS_DEPLOYMENT_TARGET = 17.0;
				MACOSX_DEPLOYMENT_TARGET = 13.6;
				MARKETING_VERSION = 1.0;
				PRODUCT_BUNDLE_IDENTIFIER = d.litvinov.UnitTests;
				PRODUCT_NAME = "$(TARGET_NAME)";
				SDKROOT = auto;
				SUPPORTED_PLATFORMS = "iphoneos iphonesimulator macosx";
				SWIFT_EMIT_LOC_STRINGS = NO;
				SWIFT_VERSION = 5.0;
				TARGETED_DEVICE_FAMILY = "1,2";
				TEST_HOST = "$(BUILT_PRODUCTS_DIR)/Diary.app/$(BUNDLE_EXECUTABLE_FOLDER_PATH)/Diary";
			};
			name = Release;
		};
		3C1812C12AF79F3F00E5FA61 /* Debug */ = {
			isa = XCBuildConfiguration;
			buildSettings = {
				CODE_SIGN_STYLE = Automatic;
				CURRENT_PROJECT_VERSION = 1;
				DEVELOPMENT_TEAM = PU366SCQNB;
				GENERATE_INFOPLIST_FILE = YES;
				IPHONEOS_DEPLOYMENT_TARGET = 17.0;
				MACOSX_DEPLOYMENT_TARGET = 13.6;
				MARKETING_VERSION = 1.0;
				PRODUCT_BUNDLE_IDENTIFIER = d.litvinov.DiaryUITests;
				PRODUCT_NAME = "$(TARGET_NAME)";
				SDKROOT = auto;
				SUPPORTED_PLATFORMS = "iphoneos iphonesimulator macosx";
				SWIFT_EMIT_LOC_STRINGS = NO;
				SWIFT_VERSION = 5.0;
				TARGETED_DEVICE_FAMILY = "1,2";
				TEST_TARGET_NAME = Diary;
			};
			name = Debug;
		};
		3C1812C22AF79F3F00E5FA61 /* Release */ = {
			isa = XCBuildConfiguration;
			buildSettings = {
				CODE_SIGN_STYLE = Automatic;
				CURRENT_PROJECT_VERSION = 1;
				DEVELOPMENT_TEAM = PU366SCQNB;
				GENERATE_INFOPLIST_FILE = YES;
				IPHONEOS_DEPLOYMENT_TARGET = 17.0;
				MACOSX_DEPLOYMENT_TARGET = 13.6;
				MARKETING_VERSION = 1.0;
				PRODUCT_BUNDLE_IDENTIFIER = d.litvinov.DiaryUITests;
				PRODUCT_NAME = "$(TARGET_NAME)";
				SDKROOT = auto;
				SUPPORTED_PLATFORMS = "iphoneos iphonesimulator macosx";
				SWIFT_EMIT_LOC_STRINGS = NO;
				SWIFT_VERSION = 5.0;
				TARGETED_DEVICE_FAMILY = "1,2";
				TEST_TARGET_NAME = Diary;
			};
			name = Release;
		};
		3CE0976B2AAB16D400BE933B /* Debug */ = {
			isa = XCBuildConfiguration;
			buildSettings = {
				ALWAYS_SEARCH_USER_PATHS = NO;
				ASSETCATALOG_COMPILER_GENERATE_SWIFT_ASSET_SYMBOL_EXTENSIONS = YES;
				CLANG_ANALYZER_NONNULL = YES;
				CLANG_ANALYZER_NUMBER_OBJECT_CONVERSION = YES_AGGRESSIVE;
				CLANG_CXX_LANGUAGE_STANDARD = "gnu++20";
				CLANG_ENABLE_MODULES = YES;
				CLANG_ENABLE_OBJC_ARC = YES;
				CLANG_ENABLE_OBJC_WEAK = YES;
				CLANG_WARN_BLOCK_CAPTURE_AUTORELEASING = YES;
				CLANG_WARN_BOOL_CONVERSION = YES;
				CLANG_WARN_COMMA = YES;
				CLANG_WARN_CONSTANT_CONVERSION = YES;
				CLANG_WARN_DEPRECATED_OBJC_IMPLEMENTATIONS = YES;
				CLANG_WARN_DIRECT_OBJC_ISA_USAGE = YES_ERROR;
				CLANG_WARN_DOCUMENTATION_COMMENTS = YES;
				CLANG_WARN_EMPTY_BODY = YES;
				CLANG_WARN_ENUM_CONVERSION = YES;
				CLANG_WARN_INFINITE_RECURSION = YES;
				CLANG_WARN_INT_CONVERSION = YES;
				CLANG_WARN_NON_LITERAL_NULL_CONVERSION = YES;
				CLANG_WARN_OBJC_IMPLICIT_RETAIN_SELF = YES;
				CLANG_WARN_OBJC_LITERAL_CONVERSION = YES;
				CLANG_WARN_OBJC_ROOT_CLASS = YES_ERROR;
				CLANG_WARN_QUOTED_INCLUDE_IN_FRAMEWORK_HEADER = YES;
				CLANG_WARN_RANGE_LOOP_ANALYSIS = YES;
				CLANG_WARN_STRICT_PROTOTYPES = YES;
				CLANG_WARN_SUSPICIOUS_MOVE = YES;
				CLANG_WARN_UNGUARDED_AVAILABILITY = YES_AGGRESSIVE;
				CLANG_WARN_UNREACHABLE_CODE = YES;
				CLANG_WARN__DUPLICATE_METHOD_MATCH = YES;
				COPY_PHASE_STRIP = NO;
				DEBUG_INFORMATION_FORMAT = dwarf;
				ENABLE_STRICT_OBJC_MSGSEND = YES;
				ENABLE_TESTABILITY = YES;
				ENABLE_USER_SCRIPT_SANDBOXING = YES;
				GCC_C_LANGUAGE_STANDARD = gnu17;
				GCC_DYNAMIC_NO_PIC = NO;
				GCC_NO_COMMON_BLOCKS = YES;
				GCC_OPTIMIZATION_LEVEL = 0;
				GCC_PREPROCESSOR_DEFINITIONS = (
					"DEBUG=1",
					"$(inherited)",
				);
				GCC_WARN_64_TO_32_BIT_CONVERSION = YES;
				GCC_WARN_ABOUT_RETURN_TYPE = YES_ERROR;
				GCC_WARN_UNDECLARED_SELECTOR = YES;
				GCC_WARN_UNINITIALIZED_AUTOS = YES_AGGRESSIVE;
				GCC_WARN_UNUSED_FUNCTION = YES;
				GCC_WARN_UNUSED_VARIABLE = YES;
				IPHONEOS_DEPLOYMENT_TARGET = 17.0;
				LOCALIZATION_PREFERS_STRING_CATALOGS = YES;
				MACOSX_DEPLOYMENT_TARGET = 14.0;
				MTL_ENABLE_DEBUG_INFO = INCLUDE_SOURCE;
				MTL_FAST_MATH = YES;
				ONLY_ACTIVE_ARCH = YES;
				SWIFT_ACTIVE_COMPILATION_CONDITIONS = "DEBUG $(inherited)";
				SWIFT_OPTIMIZATION_LEVEL = "-Onone";
			};
			name = Debug;
		};
		3CE0976C2AAB16D400BE933B /* Release */ = {
			isa = XCBuildConfiguration;
			buildSettings = {
				ALWAYS_SEARCH_USER_PATHS = NO;
				ASSETCATALOG_COMPILER_GENERATE_SWIFT_ASSET_SYMBOL_EXTENSIONS = YES;
				CLANG_ANALYZER_NONNULL = YES;
				CLANG_ANALYZER_NUMBER_OBJECT_CONVERSION = YES_AGGRESSIVE;
				CLANG_CXX_LANGUAGE_STANDARD = "gnu++20";
				CLANG_ENABLE_MODULES = YES;
				CLANG_ENABLE_OBJC_ARC = YES;
				CLANG_ENABLE_OBJC_WEAK = YES;
				CLANG_WARN_BLOCK_CAPTURE_AUTORELEASING = YES;
				CLANG_WARN_BOOL_CONVERSION = YES;
				CLANG_WARN_COMMA = YES;
				CLANG_WARN_CONSTANT_CONVERSION = YES;
				CLANG_WARN_DEPRECATED_OBJC_IMPLEMENTATIONS = YES;
				CLANG_WARN_DIRECT_OBJC_ISA_USAGE = YES_ERROR;
				CLANG_WARN_DOCUMENTATION_COMMENTS = YES;
				CLANG_WARN_EMPTY_BODY = YES;
				CLANG_WARN_ENUM_CONVERSION = YES;
				CLANG_WARN_INFINITE_RECURSION = YES;
				CLANG_WARN_INT_CONVERSION = YES;
				CLANG_WARN_NON_LITERAL_NULL_CONVERSION = YES;
				CLANG_WARN_OBJC_IMPLICIT_RETAIN_SELF = YES;
				CLANG_WARN_OBJC_LITERAL_CONVERSION = YES;
				CLANG_WARN_OBJC_ROOT_CLASS = YES_ERROR;
				CLANG_WARN_QUOTED_INCLUDE_IN_FRAMEWORK_HEADER = YES;
				CLANG_WARN_RANGE_LOOP_ANALYSIS = YES;
				CLANG_WARN_STRICT_PROTOTYPES = YES;
				CLANG_WARN_SUSPICIOUS_MOVE = YES;
				CLANG_WARN_UNGUARDED_AVAILABILITY = YES_AGGRESSIVE;
				CLANG_WARN_UNREACHABLE_CODE = YES;
				CLANG_WARN__DUPLICATE_METHOD_MATCH = YES;
				COPY_PHASE_STRIP = NO;
				DEBUG_INFORMATION_FORMAT = "dwarf-with-dsym";
				ENABLE_NS_ASSERTIONS = NO;
				ENABLE_STRICT_OBJC_MSGSEND = YES;
				ENABLE_USER_SCRIPT_SANDBOXING = YES;
				GCC_C_LANGUAGE_STANDARD = gnu17;
				GCC_NO_COMMON_BLOCKS = YES;
				GCC_WARN_64_TO_32_BIT_CONVERSION = YES;
				GCC_WARN_ABOUT_RETURN_TYPE = YES_ERROR;
				GCC_WARN_UNDECLARED_SELECTOR = YES;
				GCC_WARN_UNINITIALIZED_AUTOS = YES_AGGRESSIVE;
				GCC_WARN_UNUSED_FUNCTION = YES;
				GCC_WARN_UNUSED_VARIABLE = YES;
				IPHONEOS_DEPLOYMENT_TARGET = 17.0;
				LOCALIZATION_PREFERS_STRING_CATALOGS = YES;
				MACOSX_DEPLOYMENT_TARGET = 14.0;
				MTL_ENABLE_DEBUG_INFO = NO;
				MTL_FAST_MATH = YES;
				SWIFT_COMPILATION_MODE = wholemodule;
			};
			name = Release;
		};
		3CE0976E2AAB16D400BE933B /* Debug */ = {
			isa = XCBuildConfiguration;
			buildSettings = {
				ASSETCATALOG_COMPILER_APPICON_NAME = AppIcon;
				ASSETCATALOG_COMPILER_GLOBAL_ACCENT_COLOR_NAME = AccentColor;
				CODE_SIGN_ENTITLEMENTS = Diary/Diary.entitlements;
				"CODE_SIGN_IDENTITY[sdk=macosx*]" = "-";
				CODE_SIGN_STYLE = Automatic;
				CURRENT_PROJECT_VERSION = 1;
				DEVELOPMENT_ASSET_PATHS = "\"Diary/Preview Content\"";
				DEVELOPMENT_TEAM = PU366SCQNB;
				ENABLE_HARDENED_RUNTIME = YES;
				ENABLE_PREVIEWS = YES;
				GENERATE_INFOPLIST_FILE = YES;
				INFOPLIST_FILE = Diary/Info.plist;
				INFOPLIST_KEY_LSApplicationCategoryType = "public.app-category.lifestyle";
				INFOPLIST_KEY_NSFaceIDUsageDescription = "The app needs access to FaceID to protect your diary entries";
				"INFOPLIST_KEY_UIApplicationSceneManifest_Generation[sdk=iphoneos*]" = YES;
				"INFOPLIST_KEY_UIApplicationSceneManifest_Generation[sdk=iphonesimulator*]" = YES;
				"INFOPLIST_KEY_UIApplicationSupportsIndirectInputEvents[sdk=iphoneos*]" = YES;
				"INFOPLIST_KEY_UIApplicationSupportsIndirectInputEvents[sdk=iphonesimulator*]" = YES;
				"INFOPLIST_KEY_UILaunchScreen_Generation[sdk=iphoneos*]" = YES;
				"INFOPLIST_KEY_UILaunchScreen_Generation[sdk=iphonesimulator*]" = YES;
				"INFOPLIST_KEY_UIStatusBarStyle[sdk=iphoneos*]" = UIStatusBarStyleDefault;
				"INFOPLIST_KEY_UIStatusBarStyle[sdk=iphonesimulator*]" = UIStatusBarStyleDefault;
				INFOPLIST_KEY_UISupportedInterfaceOrientations = "UIInterfaceOrientationLandscapeLeft UIInterfaceOrientationLandscapeRight UIInterfaceOrientationPortrait";
				INFOPLIST_KEY_UISupportedInterfaceOrientations_iPad = "UIInterfaceOrientationLandscapeLeft UIInterfaceOrientationLandscapeRight UIInterfaceOrientationPortrait UIInterfaceOrientationPortraitUpsideDown";
				IPHONEOS_DEPLOYMENT_TARGET = 17.0;
				LD_RUNPATH_SEARCH_PATHS = "@executable_path/Frameworks";
				"LD_RUNPATH_SEARCH_PATHS[sdk=macosx*]" = "@executable_path/../Frameworks";
				MACOSX_DEPLOYMENT_TARGET = 14.0;
				MARKETING_VERSION = 1.0;
				PRODUCT_BUNDLE_IDENTIFIER = litvinov.Diary;
				PRODUCT_NAME = "$(TARGET_NAME)";
				SDKROOT = auto;
				SUPPORTED_PLATFORMS = "iphoneos iphonesimulator";
				SUPPORTS_MACCATALYST = NO;
				SUPPORTS_XR_DESIGNED_FOR_IPHONE_IPAD = YES;
				SWIFT_EMIT_LOC_STRINGS = YES;
				SWIFT_VERSION = 5.0;
				TARGETED_DEVICE_FAMILY = "1,2";
			};
			name = Debug;
		};
		3CE0976F2AAB16D400BE933B /* Release */ = {
			isa = XCBuildConfiguration;
			buildSettings = {
				ASSETCATALOG_COMPILER_APPICON_NAME = AppIcon;
				ASSETCATALOG_COMPILER_GLOBAL_ACCENT_COLOR_NAME = AccentColor;
				CODE_SIGN_ENTITLEMENTS = Diary/Diary.entitlements;
				"CODE_SIGN_IDENTITY[sdk=macosx*]" = "-";
				CODE_SIGN_STYLE = Automatic;
				CURRENT_PROJECT_VERSION = 1;
				DEVELOPMENT_ASSET_PATHS = "\"Diary/Preview Content\"";
				DEVELOPMENT_TEAM = PU366SCQNB;
				ENABLE_HARDENED_RUNTIME = YES;
				ENABLE_PREVIEWS = YES;
				GENERATE_INFOPLIST_FILE = YES;
				INFOPLIST_FILE = Diary/Info.plist;
				INFOPLIST_KEY_LSApplicationCategoryType = "public.app-category.lifestyle";
				INFOPLIST_KEY_NSFaceIDUsageDescription = "The app needs access to FaceID to protect your diary entries";
				"INFOPLIST_KEY_UIApplicationSceneManifest_Generation[sdk=iphoneos*]" = YES;
				"INFOPLIST_KEY_UIApplicationSceneManifest_Generation[sdk=iphonesimulator*]" = YES;
				"INFOPLIST_KEY_UIApplicationSupportsIndirectInputEvents[sdk=iphoneos*]" = YES;
				"INFOPLIST_KEY_UIApplicationSupportsIndirectInputEvents[sdk=iphonesimulator*]" = YES;
				"INFOPLIST_KEY_UILaunchScreen_Generation[sdk=iphoneos*]" = YES;
				"INFOPLIST_KEY_UILaunchScreen_Generation[sdk=iphonesimulator*]" = YES;
				"INFOPLIST_KEY_UIStatusBarStyle[sdk=iphoneos*]" = UIStatusBarStyleDefault;
				"INFOPLIST_KEY_UIStatusBarStyle[sdk=iphonesimulator*]" = UIStatusBarStyleDefault;
				INFOPLIST_KEY_UISupportedInterfaceOrientations = "UIInterfaceOrientationLandscapeLeft UIInterfaceOrientationLandscapeRight UIInterfaceOrientationPortrait";
				INFOPLIST_KEY_UISupportedInterfaceOrientations_iPad = "UIInterfaceOrientationLandscapeLeft UIInterfaceOrientationLandscapeRight UIInterfaceOrientationPortrait UIInterfaceOrientationPortraitUpsideDown";
				IPHONEOS_DEPLOYMENT_TARGET = 17.0;
				LD_RUNPATH_SEARCH_PATHS = "@executable_path/Frameworks";
				"LD_RUNPATH_SEARCH_PATHS[sdk=macosx*]" = "@executable_path/../Frameworks";
				MACOSX_DEPLOYMENT_TARGET = 14.0;
				MARKETING_VERSION = 1.0;
				PRODUCT_BUNDLE_IDENTIFIER = litvinov.Diary;
				PRODUCT_NAME = "$(TARGET_NAME)";
				SDKROOT = auto;
				SUPPORTED_PLATFORMS = "iphoneos iphonesimulator";
				SUPPORTS_MACCATALYST = NO;
				SUPPORTS_XR_DESIGNED_FOR_IPHONE_IPAD = YES;
				SWIFT_EMIT_LOC_STRINGS = YES;
				SWIFT_VERSION = 5.0;
				TARGETED_DEVICE_FAMILY = "1,2";
			};
			name = Release;
		};
/* End XCBuildConfiguration section */

/* Begin XCConfigurationList section */
		3C1812B02AF78D8C00E5FA61 /* Build configuration list for PBXNativeTarget "UnitTests" */ = {
			isa = XCConfigurationList;
			buildConfigurations = (
				3C1812B12AF78D8C00E5FA61 /* Debug */,
				3C1812B22AF78D8C00E5FA61 /* Release */,
			);
			defaultConfigurationIsVisible = 0;
			defaultConfigurationName = Release;
		};
		3C1812C02AF79F3F00E5FA61 /* Build configuration list for PBXNativeTarget "DiaryUITests" */ = {
			isa = XCConfigurationList;
			buildConfigurations = (
				3C1812C12AF79F3F00E5FA61 /* Debug */,
				3C1812C22AF79F3F00E5FA61 /* Release */,
			);
			defaultConfigurationIsVisible = 0;
			defaultConfigurationName = Release;
		};
		3CE097572AAB16D200BE933B /* Build configuration list for PBXProject "Diary" */ = {
			isa = XCConfigurationList;
			buildConfigurations = (
				3CE0976B2AAB16D400BE933B /* Debug */,
				3CE0976C2AAB16D400BE933B /* Release */,
			);
			defaultConfigurationIsVisible = 0;
			defaultConfigurationName = Release;
		};
		3CE0976D2AAB16D400BE933B /* Build configuration list for PBXNativeTarget "Diary" */ = {
			isa = XCConfigurationList;
			buildConfigurations = (
				3CE0976E2AAB16D400BE933B /* Debug */,
				3CE0976F2AAB16D400BE933B /* Release */,
			);
			defaultConfigurationIsVisible = 0;
			defaultConfigurationName = Release;
		};
/* End XCConfigurationList section */
	};
	rootObject = 3CE097542AAB16D200BE933B /* Project object */;
}
